
Microsoft Visual Studio Solution File, Format Version 12.00
# Visual Studio Version 17
VisualStudioVersion = 17.0.32014.148
MinimumVisualStudioVersion = 10.0.40219.1
Project("{FAE04EC0-301F-11D3-BF4B-00C04F79EFBC}") = "Hello World", "Hello World\Hello World.csproj", "{BCCB77B3-7A26-42D4-BC82-BD2FE41BA673}"
EndProject
Project("{9A19103F-16F7-4668-BE54-9A1E7A4F7556}") = "Hello_Name", "Hello_Name\Hello_Name.csproj", "{EDD84B4E-CD83-48E7-84AB-5C97F163E199}"
EndProject
Project("{9A19103F-16F7-4668-BE54-9A1E7A4F7556}") = "Prog52a", "Prog52a\Prog52a.csproj", "{9E06247B-A8E7-4856-916B-3FC898AED2E3}"
EndProject
Project("{9A19103F-16F7-4668-BE54-9A1E7A4F7556}") = "Prog54b", "Prog54b\Prog54b.csproj", "{A10FEBA0-D217-45B0-9D4B-092510EA71B0}"
EndProject
Project("{9A19103F-16F7-4668-BE54-9A1E7A4F7556}") = "Prog54d", "Prog54d\Prog54d.csproj", "{7728507C-52DD-49B0-8AA9-3FA197B086CF}"
EndProject
Project("{FAE04EC0-301F-11D3-BF4B-00C04F79EFBC}") = "Prog54a", "Prog554a\Prog54a.csproj", "{76D2D2F3-2C18-4899-A1AA-35AA02008903}"
EndProject
Project("{9A19103F-16F7-4668-BE54-9A1E7A4F7556}") = "prog88a", "prog88a\prog88a.csproj", "{542DA342-2865-498B-83FF-E97FB2BB1932}"
EndProject
Project("{9A19103F-16F7-4668-BE54-9A1E7A4F7556}") = "LP4-5", "LP4-5\LP4-5.csproj", "{B0934E13-9660-4E06-9972-13A1B88F0F4F}"
EndProject
Project("{9A19103F-16F7-4668-BE54-9A1E7A4F7556}") = "LP4-1", "LD4-1\LP4-1.csproj", "{68F8BF14-C949-41AD-BE6F-F8A94B3E3970}"
EndProject
Project("{9A19103F-16F7-4668-BE54-9A1E7A4F7556}") = "LP3-2", "LP3-2\LP3-2.csproj", "{9AC214B2-144A-44B8-B648-42C013A6F15D}"
EndProject
Project("{9A19103F-16F7-4668-BE54-9A1E7A4F7556}") = "Prog213e", "Prog213e\Prog213e.csproj", "{F3370A93-4FC3-4808-B40F-83354D5ABACD}"
EndProject
Project("{FAE04EC0-301F-11D3-BF4B-00C04F79EFBC}") = "Prog122a", "Prog122a\Prog122a.csproj", "{C1319028-4676-4A0F-A989-843194C6DF1F}"
EndProject
Project("{9A19103F-16F7-4668-BE54-9A1E7A4F7556}") = "CalcWithFunctions", "CalcWithFunctions\CalcWithFunctions.csproj", "{3CA7BB8C-C0CA-463C-A6DD-03E13F37B3F4}"
EndProject
Project("{FAE04EC0-301F-11D3-BF4B-00C04F79EFBC}") = "Pg435TicketSalesCS", "Pg435TicketSalesCS\Pg435TicketSalesCS.csproj", "{800DD9D7-34AD-46BA-9013-511FD09F7ED4}"
EndProject
Project("{9A19103F-16F7-4668-BE54-9A1E7A4F7556}") = "Prog209a", "Prog209a\Prog209a.csproj", "{83D4899C-1B12-4425-9E6B-809023D6A9B2}"
EndProject
Project("{9A19103F-16F7-4668-BE54-9A1E7A4F7556}") = "Prog366b", "Prog366b\Prog366b.csproj", "{F02C6758-9750-4464-8D9C-773614B39C34}"
EndProject
Project("{FAE04EC0-301F-11D3-BF4B-00C04F79EFBC}") = "Progpay", "Progpay\Progpay.csproj", "{C6EBD282-DCE0-4E80-98FE-765F34796047}"
EndProject
Project("{9A19103F-16F7-4668-BE54-9A1E7A4F7556}") = "Stringint7", "Stringint7\Stringint7.csproj", "{1C21A377-5420-4F14-B6B8-CEBB49E482B5}"
EndProject
Project("{9A19103F-16F7-4668-BE54-9A1E7A4F7556}") = "Stringint16", "Stringint16\Stringint16.csproj", "{CE680812-53B2-403A-A445-BECA1B0B5F02}"
EndProject
Project("{9A19103F-16F7-4668-BE54-9A1E7A4F7556}") = "listdemo", "listdemo\listdemo.csproj", "{934C1089-B612-4D96-932F-B6507EA4BCC4}"
EndProject
Project("{FAE04EC0-301F-11D3-BF4B-00C04F79EFBC}") = "Lang122b", "Lang122b\Lang122b.csproj", "{1A77DA20-DE9E-4140-BE4B-C3C5482B694B}"
EndProject
Global
	GlobalSection(SolutionConfigurationPlatforms) = preSolution
		Debug|Any CPU = Debug|Any CPU
		Release|Any CPU = Release|Any CPU
	EndGlobalSection
	GlobalSection(ProjectConfigurationPlatforms) = postSolution
		{BCCB77B3-7A26-42D4-BC82-BD2FE41BA673}.Debug|Any CPU.ActiveCfg = Debug|Any CPU
		{BCCB77B3-7A26-42D4-BC82-BD2FE41BA673}.Debug|Any CPU.Build.0 = Debug|Any CPU
		{BCCB77B3-7A26-42D4-BC82-BD2FE41BA673}.Release|Any CPU.ActiveCfg = Release|Any CPU
		{BCCB77B3-7A26-42D4-BC82-BD2FE41BA673}.Release|Any CPU.Build.0 = Release|Any CPU
		{EDD84B4E-CD83-48E7-84AB-5C97F163E199}.Debug|Any CPU.ActiveCfg = Debug|Any CPU
		{EDD84B4E-CD83-48E7-84AB-5C97F163E199}.Debug|Any CPU.Build.0 = Debug|Any CPU
		{EDD84B4E-CD83-48E7-84AB-5C97F163E199}.Release|Any CPU.ActiveCfg = Release|Any CPU
		{EDD84B4E-CD83-48E7-84AB-5C97F163E199}.Release|Any CPU.Build.0 = Release|Any CPU
		{9E06247B-A8E7-4856-916B-3FC898AED2E3}.Debug|Any CPU.ActiveCfg = Debug|Any CPU
		{9E06247B-A8E7-4856-916B-3FC898AED2E3}.Debug|Any CPU.Build.0 = Debug|Any CPU
		{9E06247B-A8E7-4856-916B-3FC898AED2E3}.Release|Any CPU.ActiveCfg = Release|Any CPU
		{9E06247B-A8E7-4856-916B-3FC898AED2E3}.Release|Any CPU.Build.0 = Release|Any CPU
		{A10FEBA0-D217-45B0-9D4B-092510EA71B0}.Debug|Any CPU.ActiveCfg = Debug|Any CPU
		{A10FEBA0-D217-45B0-9D4B-092510EA71B0}.Debug|Any CPU.Build.0 = Debug|Any CPU
		{A10FEBA0-D217-45B0-9D4B-092510EA71B0}.Release|Any CPU.ActiveCfg = Release|Any CPU
		{A10FEBA0-D217-45B0-9D4B-092510EA71B0}.Release|Any CPU.Build.0 = Release|Any CPU
		{7728507C-52DD-49B0-8AA9-3FA197B086CF}.Debug|Any CPU.ActiveCfg = Debug|Any CPU
		{7728507C-52DD-49B0-8AA9-3FA197B086CF}.Debug|Any CPU.Build.0 = Debug|Any CPU
		{7728507C-52DD-49B0-8AA9-3FA197B086CF}.Release|Any CPU.ActiveCfg = Release|Any CPU
		{7728507C-52DD-49B0-8AA9-3FA197B086CF}.Release|Any CPU.Build.0 = Release|Any CPU
		{76D2D2F3-2C18-4899-A1AA-35AA02008903}.Debug|Any CPU.ActiveCfg = Debug|Any CPU
		{76D2D2F3-2C18-4899-A1AA-35AA02008903}.Debug|Any CPU.Build.0 = Debug|Any CPU
		{76D2D2F3-2C18-4899-A1AA-35AA02008903}.Release|Any CPU.ActiveCfg = Release|Any CPU
		{76D2D2F3-2C18-4899-A1AA-35AA02008903}.Release|Any CPU.Build.0 = Release|Any CPU
		{542DA342-2865-498B-83FF-E97FB2BB1932}.Debug|Any CPU.ActiveCfg = Debug|Any CPU
		{542DA342-2865-498B-83FF-E97FB2BB1932}.Debug|Any CPU.Build.0 = Debug|Any CPU
		{542DA342-2865-498B-83FF-E97FB2BB1932}.Release|Any CPU.ActiveCfg = Release|Any CPU
		{542DA342-2865-498B-83FF-E97FB2BB1932}.Release|Any CPU.Build.0 = Release|Any CPU
		{B0934E13-9660-4E06-9972-13A1B88F0F4F}.Debug|Any CPU.ActiveCfg = Debug|Any CPU
		{B0934E13-9660-4E06-9972-13A1B88F0F4F}.Debug|Any CPU.Build.0 = Debug|Any CPU
		{B0934E13-9660-4E06-9972-13A1B88F0F4F}.Release|Any CPU.ActiveCfg = Release|Any CPU
		{B0934E13-9660-4E06-9972-13A1B88F0F4F}.Release|Any CPU.Build.0 = Release|Any CPU
		{68F8BF14-C949-41AD-BE6F-F8A94B3E3970}.Debug|Any CPU.ActiveCfg = Debug|Any CPU
		{68F8BF14-C949-41AD-BE6F-F8A94B3E3970}.Debug|Any CPU.Build.0 = Debug|Any CPU
		{68F8BF14-C949-41AD-BE6F-F8A94B3E3970}.Release|Any CPU.ActiveCfg = Release|Any CPU
		{68F8BF14-C949-41AD-BE6F-F8A94B3E3970}.Release|Any CPU.Build.0 = Release|Any CPU
		{9AC214B2-144A-44B8-B648-42C013A6F15D}.Debug|Any CPU.ActiveCfg = Debug|Any CPU
		{9AC214B2-144A-44B8-B648-42C013A6F15D}.Debug|Any CPU.Build.0 = Debug|Any CPU
		{9AC214B2-144A-44B8-B648-42C013A6F15D}.Release|Any CPU.ActiveCfg = Release|Any CPU
		{9AC214B2-144A-44B8-B648-42C013A6F15D}.Release|Any CPU.Build.0 = Release|Any CPU
		{F3370A93-4FC3-4808-B40F-83354D5ABACD}.Debug|Any CPU.ActiveCfg = Debug|Any CPU
		{F3370A93-4FC3-4808-B40F-83354D5ABACD}.Debug|Any CPU.Build.0 = Debug|Any CPU
		{F3370A93-4FC3-4808-B40F-83354D5ABACD}.Release|Any CPU.ActiveCfg = Release|Any CPU
		{F3370A93-4FC3-4808-B40F-83354D5ABACD}.Release|Any CPU.Build.0 = Release|Any CPU
		{C1319028-4676-4A0F-A989-843194C6DF1F}.Debug|Any CPU.ActiveCfg = Debug|Any CPU
		{C1319028-4676-4A0F-A989-843194C6DF1F}.Debug|Any CPU.Build.0 = Debug|Any CPU
		{C1319028-4676-4A0F-A989-843194C6DF1F}.Release|Any CPU.ActiveCfg = Release|Any CPU
		{C1319028-4676-4A0F-A989-843194C6DF1F}.Release|Any CPU.Build.0 = Release|Any CPU
		{3CA7BB8C-C0CA-463C-A6DD-03E13F37B3F4}.Debug|Any CPU.ActiveCfg = Debug|Any CPU
		{3CA7BB8C-C0CA-463C-A6DD-03E13F37B3F4}.Debug|Any CPU.Build.0 = Debug|Any CPU
		{3CA7BB8C-C0CA-463C-A6DD-03E13F37B3F4}.Release|Any CPU.ActiveCfg = Release|Any CPU
		{3CA7BB8C-C0CA-463C-A6DD-03E13F37B3F4}.Release|Any CPU.Build.0 = Release|Any CPU
		{800DD9D7-34AD-46BA-9013-511FD09F7ED4}.Debug|Any CPU.ActiveCfg = Debug|Any CPU
		{800DD9D7-34AD-46BA-9013-511FD09F7ED4}.Debug|Any CPU.Build.0 = Debug|Any CPU
		{800DD9D7-34AD-46BA-9013-511FD09F7ED4}.Release|Any CPU.ActiveCfg = Release|Any CPU
		{800DD9D7-34AD-46BA-9013-511FD09F7ED4}.Release|Any CPU.Build.0 = Release|Any CPU
		{83D4899C-1B12-4425-9E6B-809023D6A9B2}.Debug|Any CPU.ActiveCfg = Debug|Any CPU
		{83D4899C-1B12-4425-9E6B-809023D6A9B2}.Debug|Any CPU.Build.0 = Debug|Any CPU
		{83D4899C-1B12-4425-9E6B-809023D6A9B2}.Release|Any CPU.ActiveCfg = Release|Any CPU
		{83D4899C-1B12-4425-9E6B-809023D6A9B2}.Release|Any CPU.Build.0 = Release|Any CPU
		{F02C6758-9750-4464-8D9C-773614B39C34}.Debug|Any CPU.ActiveCfg = Debug|Any CPU
		{F02C6758-9750-4464-8D9C-773614B39C34}.Debug|Any CPU.Build.0 = Debug|Any CPU
		{F02C6758-9750-4464-8D9C-773614B39C34}.Release|Any CPU.ActiveCfg = Release|Any CPU
		{F02C6758-9750-4464-8D9C-773614B39C34}.Release|Any CPU.Build.0 = Release|Any CPU
		{C6EBD282-DCE0-4E80-98FE-765F34796047}.Debug|Any CPU.ActiveCfg = Debug|Any CPU
		{C6EBD282-DCE0-4E80-98FE-765F34796047}.Debug|Any CPU.Build.0 = Debug|Any CPU
		{C6EBD282-DCE0-4E80-98FE-765F34796047}.Release|Any CPU.ActiveCfg = Release|Any CPU
		{C6EBD282-DCE0-4E80-98FE-765F34796047}.Release|Any CPU.Build.0 = Release|Any CPU
		{1C21A377-5420-4F14-B6B8-CEBB49E482B5}.Debug|Any CPU.ActiveCfg = Debug|Any CPU
		{1C21A377-5420-4F14-B6B8-CEBB49E482B5}.Debug|Any CPU.Build.0 = Debug|Any CPU
		{1C21A377-5420-4F14-B6B8-CEBB49E482B5}.Release|Any CPU.ActiveCfg = Release|Any CPU
		{1C21A377-5420-4F14-B6B8-CEBB49E482B5}.Release|Any CPU.Build.0 = Release|Any CPU
		{CE680812-53B2-403A-A445-BECA1B0B5F02}.Debug|Any CPU.ActiveCfg = Debug|Any CPU
		{CE680812-53B2-403A-A445-BECA1B0B5F02}.Debug|Any CPU.Build.0 = Debug|Any CPU
		{CE680812-53B2-403A-A445-BECA1B0B5F02}.Release|Any CPU.ActiveCfg = Release|Any CPU
		{CE680812-53B2-403A-A445-BECA1B0B5F02}.Release|Any CPU.Build.0 = Release|Any CPU
		{934C1089-B612-4D96-932F-B6507EA4BCC4}.Debug|Any CPU.ActiveCfg = Debug|Any CPU
		{934C1089-B612-4D96-932F-B6507EA4BCC4}.Debug|Any CPU.Build.0 = Debug|Any CPU
		{934C1089-B612-4D96-932F-B6507EA4BCC4}.Release|Any CPU.ActiveCfg = Release|Any CPU
		{934C1089-B612-4D96-932F-B6507EA4BCC4}.Release|Any CPU.Build.0 = Release|Any CPU
		{1A77DA20-DE9E-4140-BE4B-C3C5482B694B}.Debug|Any CPU.ActiveCfg = Debug|Any CPU
		{1A77DA20-DE9E-4140-BE4B-C3C5482B694B}.Debug|Any CPU.Build.0 = Debug|Any CPU
		{1A77DA20-DE9E-4140-BE4B-C3C5482B694B}.Release|Any CPU.ActiveCfg = Release|Any CPU
		{1A77DA20-DE9E-4140-BE4B-C3C5482B694B}.Release|Any CPU.Build.0 = Release|Any CPU
	EndGlobalSection
	GlobalSection(SolutionProperties) = preSolution
		HideSolutionNode = FALSE
	EndGlobalSection
	GlobalSection(ExtensibilityGlobals) = postSolution
		SolutionGuid = {3D055A91-220F-4EBB-89D4-8C138E492B89}
	EndGlobalSection
EndGlobal
