
Microsoft Visual Studio Solution File, Format Version 11.00
# Visual Studio 2010
# SharpDevelop 4.4
Project("{FD48973F-F585-4F70-812B-4D0503B36CE9}") = "Progmulitform", "Progmulitform\Progmulitform.pyproj", "{CB7B2081-D534-41D7-9729-CBC9388C5823}"
EndProject
Global
	GlobalSection(SolutionConfigurationPlatforms) = preSolution
		Debug|Any CPU = Debug|Any CPU
		Release|Any CPU = Release|Any CPU
	EndGlobalSection
	GlobalSection(ProjectConfigurationPlatforms) = postSolution
		{CB7B2081-D534-41D7-9729-CBC9388C5823}.Debug|Any CPU.Build.0 = Debug|Any CPU
		{CB7B2081-D534-41D7-9729-CBC9388C5823}.Debug|Any CPU.ActiveCfg = Debug|Any CPU
		{CB7B2081-D534-41D7-9729-CBC9388C5823}.Release|Any CPU.Build.0 = Release|Any CPU
		{CB7B2081-D534-41D7-9729-CBC9388C5823}.Release|Any CPU.ActiveCfg = Release|Any CPU
	EndGlobalSection
EndGlobal
