
Microsoft Visual Studio Solution File, Format Version 11.00
# Visual Studio 2010
# SharpDevelop 4.4
Project("{FD48973F-F585-4F70-812B-4D0503B36CE9}") = "Prog54c", "Prog54c\Prog54c.pyproj", "{9453A9D9-DF93-4056-ADC6-6F5ED08116EB}"
EndProject
Global
	GlobalSection(SolutionConfigurationPlatforms) = preSolution
		Debug|Any CPU = Debug|Any CPU
		Release|Any CPU = Release|Any CPU
	EndGlobalSection
	GlobalSection(ProjectConfigurationPlatforms) = postSolution
		{9453A9D9-DF93-4056-ADC6-6F5ED08116EB}.Debug|Any CPU.Build.0 = Debug|Any CPU
		{9453A9D9-DF93-4056-ADC6-6F5ED08116EB}.Debug|Any CPU.ActiveCfg = Debug|Any CPU
		{9453A9D9-DF93-4056-ADC6-6F5ED08116EB}.Release|Any CPU.Build.0 = Release|Any CPU
		{9453A9D9-DF93-4056-ADC6-6F5ED08116EB}.Release|Any CPU.ActiveCfg = Release|Any CPU
	EndGlobalSection
EndGlobal
